
Microsoft Visual Studio Solution File, Format Version 12.00
# Visual Studio 15
VisualStudioVersion = 15.0.27703.2047
MinimumVisualStudioVersion = 10.0.40219.1
Project("{FAE04EC0-301F-11D3-BF4B-00C04F79EFBC}") = "MessageCodeGenerator", "MessageCodeGenerator\MessageCodeGenerator.csproj", "{9DEE4FE9-0D3B-424E-86B9-B961A4184968}"
EndProject
Project("{FAE04EC0-301F-11D3-BF4B-00C04F79EFBC}") = "MessageCodeGeneratorTest", "MessageCodeGeneratorTest\MessageCodeGeneratorTest.csproj", "{FEEC34C1-70D7-4F78-AB5F-B7D82150CB1B}"
EndProject
Global
	GlobalSection(SolutionConfigurationPlatforms) = preSolution
		Debug|Any CPU = Debug|Any CPU
		Release|Any CPU = Release|Any CPU
	EndGlobalSection
	GlobalSection(ProjectConfigurationPlatforms) = postSolution
		{9DEE4FE9-0D3B-424E-86B9-B961A4184968}.Debug|Any CPU.ActiveCfg = Debug|Any CPU
		{9DEE4FE9-0D3B-424E-86B9-B961A4184968}.Debug|Any CPU.Build.0 = Debug|Any CPU
		{9DEE4FE9-0D3B-424E-86B9-B961A4184968}.Release|Any CPU.ActiveCfg = Release|Any CPU
		{9DEE4FE9-0D3B-424E-86B9-B961A4184968}.Release|Any CPU.Build.0 = Release|Any CPU
		{FEEC34C1-70D7-4F78-AB5F-B7D82150CB1B}.Debug|Any CPU.ActiveCfg = Debug|Any CPU
		{FEEC34C1-70D7-4F78-AB5F-B7D82150CB1B}.Debug|Any CPU.Build.0 = Debug|Any CPU
		{FEEC34C1-70D7-4F78-AB5F-B7D82150CB1B}.Release|Any CPU.ActiveCfg = Release|Any CPU
		{FEEC34C1-70D7-4F78-AB5F-B7D82150CB1B}.Release|Any CPU.Build.0 = Release|Any CPU
	EndGlobalSection
	GlobalSection(SolutionProperties) = preSolution
		HideSolutionNode = FALSE
	EndGlobalSection
	GlobalSection(ExtensibilityGlobals) = postSolution
		SolutionGuid = {C1C3FC82-1BDC-4C78-9753-BFF95D267663}
	EndGlobalSection
EndGlobal
